{
  "lockfileVersion": 1,
  "configVersion": 1,
  "workspaces": {
    "": {
      "dependencies": {
        "path-class": "^0.10.3",
      },
      "devDependencies": {
        "@biomejs/biome": "^2.3.8",
        "@cubing/dev-config": "^0.5.0",
        "@types/bun": "^1.3.4",
        "printable-shell-command": "^2.7.4",
        "readme-cli-help": "^0.4.9",
      },
    },
  },
  "packages": {
    "@biomejs/biome": ["@biomejs/biome@2.3.8", "", { "optionalDependencies": { "@biomejs/cli-darwin-arm64": "2.3.8", "@biomejs/cli-darwin-x64": "2.3.8", "@biomejs/cli-linux-arm64": "2.3.8", "@biomejs/cli-linux-arm64-musl": "2.3.8", "@biomejs/cli-linux-x64": "2.3.8", "@biomejs/cli-linux-x64-musl": "2.3.8", "@biomejs/cli-win32-arm64": "2.3.8", "@biomejs/cli-win32-x64": "2.3.8" }, "bin": { "biome": "bin/biome" } }, "sha512-Qjsgoe6FEBxWAUzwFGFrB+1+M8y/y5kwmg5CHac+GSVOdmOIqsAiXM5QMVGZJ1eCUCLlPZtq4aFAQ0eawEUuUA=="],

    "@biomejs/cli-darwin-arm64": ["@biomejs/cli-darwin-arm64@2.3.8", "", { "os": "darwin", "cpu": "arm64" }, "sha512-HM4Zg9CGQ3txTPflxD19n8MFPrmUAjaC7PQdLkugeeC0cQ+PiVrd7i09gaBS/11QKsTDBJhVg85CEIK9f50Qww=="],

    "@biomejs/cli-darwin-x64": ["@biomejs/cli-darwin-x64@2.3.8", "", { "os": "darwin", "cpu": "x64" }, "sha512-lUDQ03D7y/qEao7RgdjWVGCu+BLYadhKTm40HkpJIi6kn8LSv5PAwRlew/DmwP4YZ9ke9XXoTIQDO1vAnbRZlA=="],

    "@biomejs/cli-linux-arm64": ["@biomejs/cli-linux-arm64@2.3.8", "", { "os": "linux", "cpu": "arm64" }, "sha512-Uo1OJnIkJgSgF+USx970fsM/drtPcQ39I+JO+Fjsaa9ZdCN1oysQmy6oAGbyESlouz+rzEckLTF6DS7cWse95g=="],

    "@biomejs/cli-linux-arm64-musl": ["@biomejs/cli-linux-arm64-musl@2.3.8", "", { "os": "linux", "cpu": "arm64" }, "sha512-PShR4mM0sjksUMyxbyPNMxoKFPVF48fU8Qe8Sfx6w6F42verbwRLbz+QiKNiDPRJwUoMG1nPM50OBL3aOnTevA=="],

    "@biomejs/cli-linux-x64": ["@biomejs/cli-linux-x64@2.3.8", "", { "os": "linux", "cpu": "x64" }, "sha512-QDPMD5bQz6qOVb3kiBui0zKZXASLo0NIQ9JVJio5RveBEFgDgsvJFUvZIbMbUZT3T00M/1wdzwWXk4GIh0KaAw=="],

    "@biomejs/cli-linux-x64-musl": ["@biomejs/cli-linux-x64-musl@2.3.8", "", { "os": "linux", "cpu": "x64" }, "sha512-YGLkqU91r1276uwSjiUD/xaVikdxgV1QpsicT0bIA1TaieM6E5ibMZeSyjQ/izBn4tKQthUSsVZacmoJfa3pDA=="],

    "@biomejs/cli-win32-arm64": ["@biomejs/cli-win32-arm64@2.3.8", "", { "os": "win32", "cpu": "arm64" }, "sha512-H4IoCHvL1fXKDrTALeTKMiE7GGWFAraDwBYFquE/L/5r1927Te0mYIGseXi4F+lrrwhSWbSGt5qPFswNoBaCxg=="],

    "@biomejs/cli-win32-x64": ["@biomejs/cli-win32-x64@2.3.8", "", { "os": "win32", "cpu": "x64" }, "sha512-RguzimPoZWtBapfKhKjcWXBVI91tiSprqdBYu7tWhgN8pKRZhw24rFeNZTNf6UiBfjCYCi9eFQs/JzJZIhuK4w=="],

    "@cubing/dev-config": ["@cubing/dev-config@0.5.0", "", { "dependencies": { "esbuild": ">=0.25.3 && <1.0.0" } }, "sha512-KFVL5jqzhwTeyfEHV7JvNtZoMyQSCmEYC9+KdEDvq1dj9mJ+zH1qo08QluDVaKKZfjUzD4EqjlrVnOWXWX/aWA=="],

    "@esbuild/aix-ppc64": ["@esbuild/aix-ppc64@0.27.1", "", { "os": "aix", "cpu": "ppc64" }, "sha512-HHB50pdsBX6k47S4u5g/CaLjqS3qwaOVE5ILsq64jyzgMhLuCuZ8rGzM9yhsAjfjkbgUPMzZEPa7DAp7yz6vuA=="],

    "@esbuild/android-arm": ["@esbuild/android-arm@0.27.1", "", { "os": "android", "cpu": "arm" }, "sha512-kFqa6/UcaTbGm/NncN9kzVOODjhZW8e+FRdSeypWe6j33gzclHtwlANs26JrupOntlcWmB0u8+8HZo8s7thHvg=="],

    "@esbuild/android-arm64": ["@esbuild/android-arm64@0.27.1", "", { "os": "android", "cpu": "arm64" }, "sha512-45fuKmAJpxnQWixOGCrS+ro4Uvb4Re9+UTieUY2f8AEc+t7d4AaZ6eUJ3Hva7dtrxAAWHtlEFsXFMAgNnGU9uQ=="],

    "@esbuild/android-x64": ["@esbuild/android-x64@0.27.1", "", { "os": "android", "cpu": "x64" }, "sha512-LBEpOz0BsgMEeHgenf5aqmn/lLNTFXVfoWMUox8CtWWYK9X4jmQzWjoGoNb8lmAYml/tQ/Ysvm8q7szu7BoxRQ=="],

    "@esbuild/darwin-arm64": ["@esbuild/darwin-arm64@0.27.1", "", { "os": "darwin", "cpu": "arm64" }, "sha512-veg7fL8eMSCVKL7IW4pxb54QERtedFDfY/ASrumK/SbFsXnRazxY4YykN/THYqFnFwJ0aVjiUrVG2PwcdAEqQQ=="],

    "@esbuild/darwin-x64": ["@esbuild/darwin-x64@0.27.1", "", { "os": "darwin", "cpu": "x64" }, "sha512-+3ELd+nTzhfWb07Vol7EZ+5PTbJ/u74nC6iv4/lwIU99Ip5uuY6QoIf0Hn4m2HoV0qcnRivN3KSqc+FyCHjoVQ=="],

    "@esbuild/freebsd-arm64": ["@esbuild/freebsd-arm64@0.27.1", "", { "os": "freebsd", "cpu": "arm64" }, "sha512-/8Rfgns4XD9XOSXlzUDepG8PX+AVWHliYlUkFI3K3GB6tqbdjYqdhcb4BKRd7C0BhZSoaCxhv8kTcBrcZWP+xg=="],

    "@esbuild/freebsd-x64": ["@esbuild/freebsd-x64@0.27.1", "", { "os": "freebsd", "cpu": "x64" }, "sha512-GITpD8dK9C+r+5yRT/UKVT36h/DQLOHdwGVwwoHidlnA168oD3uxA878XloXebK4Ul3gDBBIvEdL7go9gCUFzQ=="],

    "@esbuild/linux-arm": ["@esbuild/linux-arm@0.27.1", "", { "os": "linux", "cpu": "arm" }, "sha512-ieMID0JRZY/ZeCrsFQ3Y3NlHNCqIhTprJfDgSB3/lv5jJZ8FX3hqPyXWhe+gvS5ARMBJ242PM+VNz/ctNj//eA=="],

    "@esbuild/linux-arm64": ["@esbuild/linux-arm64@0.27.1", "", { "os": "linux", "cpu": "arm64" }, "sha512-W9//kCrh/6in9rWIBdKaMtuTTzNj6jSeG/haWBADqLLa9P8O5YSRDzgD5y9QBok4AYlzS6ARHifAb75V6G670Q=="],

    "@esbuild/linux-ia32": ["@esbuild/linux-ia32@0.27.1", "", { "os": "linux", "cpu": "ia32" }, "sha512-VIUV4z8GD8rtSVMfAj1aXFahsi/+tcoXXNYmXgzISL+KB381vbSTNdeZHHHIYqFyXcoEhu9n5cT+05tRv13rlw=="],

    "@esbuild/linux-loong64": ["@esbuild/linux-loong64@0.27.1", "", { "os": "linux", "cpu": "none" }, "sha512-l4rfiiJRN7sTNI//ff65zJ9z8U+k6zcCg0LALU5iEWzY+a1mVZ8iWC1k5EsNKThZ7XCQ6YWtsZ8EWYm7r1UEsg=="],

    "@esbuild/linux-mips64el": ["@esbuild/linux-mips64el@0.27.1", "", { "os": "linux", "cpu": "none" }, "sha512-U0bEuAOLvO/DWFdygTHWY8C067FXz+UbzKgxYhXC0fDieFa0kDIra1FAhsAARRJbvEyso8aAqvPdNxzWuStBnA=="],

    "@esbuild/linux-ppc64": ["@esbuild/linux-ppc64@0.27.1", "", { "os": "linux", "cpu": "ppc64" }, "sha512-NzdQ/Xwu6vPSf/GkdmRNsOfIeSGnh7muundsWItmBsVpMoNPVpM61qNzAVY3pZ1glzzAxLR40UyYM23eaDDbYQ=="],

    "@esbuild/linux-riscv64": ["@esbuild/linux-riscv64@0.27.1", "", { "os": "linux", "cpu": "none" }, "sha512-7zlw8p3IApcsN7mFw0O1Z1PyEk6PlKMu18roImfl3iQHTnr/yAfYv6s4hXPidbDoI2Q0pW+5xeoM4eTCC0UdrQ=="],

    "@esbuild/linux-s390x": ["@esbuild/linux-s390x@0.27.1", "", { "os": "linux", "cpu": "s390x" }, "sha512-cGj5wli+G+nkVQdZo3+7FDKC25Uh4ZVwOAK6A06Hsvgr8WqBBuOy/1s+PUEd/6Je+vjfm6stX0kmib5b/O2Ykw=="],

    "@esbuild/linux-x64": ["@esbuild/linux-x64@0.27.1", "", { "os": "linux", "cpu": "x64" }, "sha512-z3H/HYI9MM0HTv3hQZ81f+AKb+yEoCRlUby1F80vbQ5XdzEMyY/9iNlAmhqiBKw4MJXwfgsh7ERGEOhrM1niMA=="],

    "@esbuild/netbsd-arm64": ["@esbuild/netbsd-arm64@0.27.1", "", { "os": "none", "cpu": "arm64" }, "sha512-wzC24DxAvk8Em01YmVXyjl96Mr+ecTPyOuADAvjGg+fyBpGmxmcr2E5ttf7Im8D0sXZihpxzO1isus8MdjMCXQ=="],

    "@esbuild/netbsd-x64": ["@esbuild/netbsd-x64@0.27.1", "", { "os": "none", "cpu": "x64" }, "sha512-1YQ8ybGi2yIXswu6eNzJsrYIGFpnlzEWRl6iR5gMgmsrR0FcNoV1m9k9sc3PuP5rUBLshOZylc9nqSgymI+TYg=="],

    "@esbuild/openbsd-arm64": ["@esbuild/openbsd-arm64@0.27.1", "", { "os": "openbsd", "cpu": "arm64" }, "sha512-5Z+DzLCrq5wmU7RDaMDe2DVXMRm2tTDvX2KU14JJVBN2CT/qov7XVix85QoJqHltpvAOZUAc3ndU56HSMWrv8g=="],

    "@esbuild/openbsd-x64": ["@esbuild/openbsd-x64@0.27.1", "", { "os": "openbsd", "cpu": "x64" }, "sha512-Q73ENzIdPF5jap4wqLtsfh8YbYSZ8Q0wnxplOlZUOyZy7B4ZKW8DXGWgTCZmF8VWD7Tciwv5F4NsRf6vYlZtqg=="],

    "@esbuild/openharmony-arm64": ["@esbuild/openharmony-arm64@0.27.1", "", { "os": "none", "cpu": "arm64" }, "sha512-ajbHrGM/XiK+sXM0JzEbJAen+0E+JMQZ2l4RR4VFwvV9JEERx+oxtgkpoKv1SevhjavK2z2ReHk32pjzktWbGg=="],

    "@esbuild/sunos-x64": ["@esbuild/sunos-x64@0.27.1", "", { "os": "sunos", "cpu": "x64" }, "sha512-IPUW+y4VIjuDVn+OMzHc5FV4GubIwPnsz6ubkvN8cuhEqH81NovB53IUlrlBkPMEPxvNnf79MGBoz8rZ2iW8HA=="],

    "@esbuild/win32-arm64": ["@esbuild/win32-arm64@0.27.1", "", { "os": "win32", "cpu": "arm64" }, "sha512-RIVRWiljWA6CdVu8zkWcRmGP7iRRIIwvhDKem8UMBjPql2TXM5PkDVvvrzMtj1V+WFPB4K7zkIGM7VzRtFkjdg=="],

    "@esbuild/win32-ia32": ["@esbuild/win32-ia32@0.27.1", "", { "os": "win32", "cpu": "ia32" }, "sha512-2BR5M8CPbptC1AK5JbJT1fWrHLvejwZidKx3UMSF0ecHMa+smhi16drIrCEggkgviBwLYd5nwrFLSl5Kho96RQ=="],

    "@esbuild/win32-x64": ["@esbuild/win32-x64@0.27.1", "", { "os": "win32", "cpu": "x64" }, "sha512-d5X6RMYv6taIymSk8JBP+nxv8DQAMY6A51GPgusqLdK9wBz5wWIXy1KjTck6HnjE9hqJzJRdk+1p/t5soSbCtw=="],

    "@optique/core": ["@optique/core@0.8.0", "", {}, "sha512-LB4DD9ir7yB0EeUmV8TkC7/SkxLzFSBcNaETKr5QPG2xNPQ9FLprO/DNfa2spuHO1bAG2i/5q2o0nk4o3TDVwA=="],

    "@optique/run": ["@optique/run@0.8.0", "", { "dependencies": { "@optique/core": "0.8.0" } }, "sha512-sg5qKamPiSvUR+7Ih1l3zpFchyQZzncIy0G6eJ+iV6j9jYViphMULQfgCpQOHuU6NdYjNSWlagg5UqVa6awfdw=="],

    "@types/bun": ["@types/bun@1.3.4", "", { "dependencies": { "bun-types": "1.3.4" } }, "sha512-EEPTKXHP+zKGPkhRLv+HI0UEX8/o+65hqARxLy8Ov5rIxMBPNTjeZww00CIihrIQGEQBYg+0roO5qOnS/7boGA=="],

    "@types/node": ["@types/node@24.10.3", "", { "dependencies": { "undici-types": "~7.16.0" } }, "sha512-gqkrWUsS8hcm0r44yn7/xZeV1ERva/nLgrLxFRUGb7aoNMIJfZJ3AC261zDQuOAKC7MiXai1WCpYc48jAHoShQ=="],

    "ajv": ["ajv@8.17.1", "", { "dependencies": { "fast-deep-equal": "^3.1.3", "fast-uri": "^3.0.1", "json-schema-traverse": "^1.0.0", "require-from-string": "^2.0.2" } }, "sha512-B/gBuNg5SiMTrPkC+A2+cW0RszwxYmn6VYxB/inlBStS5nx6xHIt/ehKRhIMhqusl7a8LjQoZnjCs5vhwxOQ1g=="],

    "bun-types": ["bun-types@1.3.4", "", { "dependencies": { "@types/node": "*" } }, "sha512-5ua817+BZPZOlNaRgGBpZJOSAQ9RQ17pkwPD0yR7CfJg+r8DgIILByFifDTa+IPDDxzf5VNhtNlcKqFzDgJvlQ=="],

    "esbuild": ["esbuild@0.27.1", "", { "optionalDependencies": { "@esbuild/aix-ppc64": "0.27.1", "@esbuild/android-arm": "0.27.1", "@esbuild/android-arm64": "0.27.1", "@esbuild/android-x64": "0.27.1", "@esbuild/darwin-arm64": "0.27.1", "@esbuild/darwin-x64": "0.27.1", "@esbuild/freebsd-arm64": "0.27.1", "@esbuild/freebsd-x64": "0.27.1", "@esbuild/linux-arm": "0.27.1", "@esbuild/linux-arm64": "0.27.1", "@esbuild/linux-ia32": "0.27.1", "@esbuild/linux-loong64": "0.27.1", "@esbuild/linux-mips64el": "0.27.1", "@esbuild/linux-ppc64": "0.27.1", "@esbuild/linux-riscv64": "0.27.1", "@esbuild/linux-s390x": "0.27.1", "@esbuild/linux-x64": "0.27.1", "@esbuild/netbsd-arm64": "0.27.1", "@esbuild/netbsd-x64": "0.27.1", "@esbuild/openbsd-arm64": "0.27.1", "@esbuild/openbsd-x64": "0.27.1", "@esbuild/openharmony-arm64": "0.27.1", "@esbuild/sunos-x64": "0.27.1", "@esbuild/win32-arm64": "0.27.1", "@esbuild/win32-ia32": "0.27.1", "@esbuild/win32-x64": "0.27.1" }, "bin": { "esbuild": "bin/esbuild" } }, "sha512-yY35KZckJJuVVPXpvjgxiCuVEJT67F6zDeVTv4rizyPrfGBUpZQsvmxnN+C371c2esD/hNMjj4tpBhuueLN7aA=="],

    "fast-deep-equal": ["fast-deep-equal@3.1.3", "", {}, "sha512-f3qQ9oQy9j2AhBe/H9VC91wLmKBCCU/gDOnKNAYG5hswO7BLKj09Hc5HYNz9cGI++xlpDCIgDaitVs03ATR84Q=="],

    "fast-uri": ["fast-uri@3.1.0", "", {}, "sha512-iPeeDKJSWf4IEOasVVrknXpaBV0IApz/gp7S2bb7Z4Lljbl2MGJRqInZiUrQwV16cpzw/D3S5j5Julj/gT52AA=="],

    "json-schema-traverse": ["json-schema-traverse@1.0.0", "", {}, "sha512-NM8/P9n3XjXhIZn1lLhkFaACTOURQXjWhV4BA/RnOv8xvgqtqpAX9IO4mRQxSx1Rlo4tqzeqb0sOlruaOy3dug=="],

    "path-class": ["path-class@0.10.3", "", { "dependencies": { "@types/node": "^24.7.1", "xdg-basedir": "^5.1.0" } }, "sha512-teUDitVwoVlJTDOXb/WGwDcxRvcwVVdDh8IpfYzZ+E4FaPNtfE7py0eNE2mCNZ10m1IckTpQjCG2cujpw42tTw=="],

    "plural-chain": ["plural-chain@0.2.3", "", {}, "sha512-iqzW8/mS8+Yveu1mZtoEtdmg0yglWDM7mL1bKzD4H+BlMaGCl/Ig0oTfSy4oEm6A20sgLS0zWaLbgmRemr1bFg=="],

    "printable-shell-command": ["printable-shell-command@2.7.4", "", { "dependencies": { "path-class": ">=0.10.3", "type-fest": ">=5.1.0" }, "optionalDependencies": { "@types/bun": "^1.2.20", "@types/node": "^24.2.0" } }, "sha512-J5yL44IhDKrFXkdkH2mdNE+weTuiZum8fQDeIc83/Zju+Vpy64paS8RemC5gVhxu0A0j5SWsZZymXh6CTDzybA=="],

    "readme-cli-help": ["readme-cli-help@0.4.9", "", { "dependencies": { "@optique/core": ">=0.7.2", "@optique/run": ">=0.7.2", "ajv": "^8.17.1", "path-class": ">=0.10.3", "plural-chain": ">=0.2.3", "printable-shell-command": "^2.7.4" }, "bin": { "readme-cli-help": "src/main.ts" } }, "sha512-6XQtRKioWAbfR8r0cIVtLj5LPmjQ5b3vg0+LRs1/URjTArWxIvoJGp8EJjtcFnsfd+93xIRPRIyVDrJsDXAVoQ=="],

    "require-from-string": ["require-from-string@2.0.2", "", {}, "sha512-Xf0nWe6RseziFMu+Ap9biiUbmplq6S9/p+7w7YXP/JBHhrUDDUhwa+vANyubuqfZWTveU//DYVGsDG7RKL/vEw=="],

    "tagged-tag": ["tagged-tag@1.0.0", "", {}, "sha512-yEFYrVhod+hdNyx7g5Bnkkb0G6si8HJurOoOEgC8B/O0uXLHlaey/65KRv6cuWBNhBgHKAROVpc7QyYqE5gFng=="],

    "type-fest": ["type-fest@5.3.1", "", { "dependencies": { "tagged-tag": "^1.0.0" } }, "sha512-VCn+LMHbd4t6sF3wfU/+HKT63C9OoyrSIf4b+vtWHpt2U7/4InZG467YDNMFMR70DdHjAdpPWmw2lzRdg0Xqqg=="],

    "undici-types": ["undici-types@7.16.0", "", {}, "sha512-Zz+aZWSj8LE6zoxD+xrjh4VfkIG8Ya6LvYkZqtUQGJPZjYl53ypCaUwWqo7eI0x66KBGeRo+mlBEkMSeSZ38Nw=="],

    "xdg-basedir": ["xdg-basedir@5.1.0", "", {}, "sha512-GCPAHLvrIH13+c0SuacwvRYj2SxJXQ4kaVTT5xgL3kPrz56XxkF21IGhjSE1+W0aw7gpBWRGXLCPnPby6lSpmQ=="],
  }
}
