{
  "lockfileVersion": 1,
  "configVersion": 1,
  "workspaces": {
    "": {
      "devDependencies": {
        "readme-cli-help": "^0.4.9",
      },
    },
  },
  "packages": {
    "@optique/core": ["@optique/core@0.8.0", "", {}, "sha512-LB4DD9ir7yB0EeUmV8TkC7/SkxLzFSBcNaETKr5QPG2xNPQ9FLprO/DNfa2spuHO1bAG2i/5q2o0nk4o3TDVwA=="],

    "@optique/run": ["@optique/run@0.8.0", "", { "dependencies": { "@optique/core": "0.8.0" } }, "sha512-sg5qKamPiSvUR+7Ih1l3zpFchyQZzncIy0G6eJ+iV6j9jYViphMULQfgCpQOHuU6NdYjNSWlagg5UqVa6awfdw=="],

    "@types/bun": ["@types/bun@1.3.4", "", { "dependencies": { "bun-types": "1.3.4" } }, "sha512-EEPTKXHP+zKGPkhRLv+HI0UEX8/o+65hqARxLy8Ov5rIxMBPNTjeZww00CIihrIQGEQBYg+0roO5qOnS/7boGA=="],

    "@types/node": ["@types/node@24.10.3", "", { "dependencies": { "undici-types": "~7.16.0" } }, "sha512-gqkrWUsS8hcm0r44yn7/xZeV1ERva/nLgrLxFRUGb7aoNMIJfZJ3AC261zDQuOAKC7MiXai1WCpYc48jAHoShQ=="],

    "ajv": ["ajv@8.17.1", "", { "dependencies": { "fast-deep-equal": "^3.1.3", "fast-uri": "^3.0.1", "json-schema-traverse": "^1.0.0", "require-from-string": "^2.0.2" } }, "sha512-B/gBuNg5SiMTrPkC+A2+cW0RszwxYmn6VYxB/inlBStS5nx6xHIt/ehKRhIMhqusl7a8LjQoZnjCs5vhwxOQ1g=="],

    "bun-types": ["bun-types@1.3.4", "", { "dependencies": { "@types/node": "*" } }, "sha512-5ua817+BZPZOlNaRgGBpZJOSAQ9RQ17pkwPD0yR7CfJg+r8DgIILByFifDTa+IPDDxzf5VNhtNlcKqFzDgJvlQ=="],

    "fast-deep-equal": ["fast-deep-equal@3.1.3", "", {}, "sha512-f3qQ9oQy9j2AhBe/H9VC91wLmKBCCU/gDOnKNAYG5hswO7BLKj09Hc5HYNz9cGI++xlpDCIgDaitVs03ATR84Q=="],

    "fast-uri": ["fast-uri@3.1.0", "", {}, "sha512-iPeeDKJSWf4IEOasVVrknXpaBV0IApz/gp7S2bb7Z4Lljbl2MGJRqInZiUrQwV16cpzw/D3S5j5Julj/gT52AA=="],

    "json-schema-traverse": ["json-schema-traverse@1.0.0", "", {}, "sha512-NM8/P9n3XjXhIZn1lLhkFaACTOURQXjWhV4BA/RnOv8xvgqtqpAX9IO4mRQxSx1Rlo4tqzeqb0sOlruaOy3dug=="],

    "path-class": ["path-class@0.10.3", "", { "dependencies": { "@types/node": "^24.7.1", "xdg-basedir": "^5.1.0" } }, "sha512-teUDitVwoVlJTDOXb/WGwDcxRvcwVVdDh8IpfYzZ+E4FaPNtfE7py0eNE2mCNZ10m1IckTpQjCG2cujpw42tTw=="],

    "plural-chain": ["plural-chain@0.2.3", "", {}, "sha512-iqzW8/mS8+Yveu1mZtoEtdmg0yglWDM7mL1bKzD4H+BlMaGCl/Ig0oTfSy4oEm6A20sgLS0zWaLbgmRemr1bFg=="],

    "printable-shell-command": ["printable-shell-command@2.7.4", "", { "dependencies": { "path-class": ">=0.10.3", "type-fest": ">=5.1.0" }, "optionalDependencies": { "@types/bun": "^1.2.20", "@types/node": "^24.2.0" } }, "sha512-J5yL44IhDKrFXkdkH2mdNE+weTuiZum8fQDeIc83/Zju+Vpy64paS8RemC5gVhxu0A0j5SWsZZymXh6CTDzybA=="],

    "readme-cli-help": ["readme-cli-help@0.4.9", "", { "dependencies": { "@optique/core": ">=0.7.2", "@optique/run": ">=0.7.2", "ajv": "^8.17.1", "path-class": ">=0.10.3", "plural-chain": ">=0.2.3", "printable-shell-command": "^2.7.4" }, "bin": { "readme-cli-help": "src/main.ts" } }, "sha512-6XQtRKioWAbfR8r0cIVtLj5LPmjQ5b3vg0+LRs1/URjTArWxIvoJGp8EJjtcFnsfd+93xIRPRIyVDrJsDXAVoQ=="],

    "require-from-string": ["require-from-string@2.0.2", "", {}, "sha512-Xf0nWe6RseziFMu+Ap9biiUbmplq6S9/p+7w7YXP/JBHhrUDDUhwa+vANyubuqfZWTveU//DYVGsDG7RKL/vEw=="],

    "tagged-tag": ["tagged-tag@1.0.0", "", {}, "sha512-yEFYrVhod+hdNyx7g5Bnkkb0G6si8HJurOoOEgC8B/O0uXLHlaey/65KRv6cuWBNhBgHKAROVpc7QyYqE5gFng=="],

    "type-fest": ["type-fest@5.3.1", "", { "dependencies": { "tagged-tag": "^1.0.0" } }, "sha512-VCn+LMHbd4t6sF3wfU/+HKT63C9OoyrSIf4b+vtWHpt2U7/4InZG467YDNMFMR70DdHjAdpPWmw2lzRdg0Xqqg=="],

    "undici-types": ["undici-types@7.16.0", "", {}, "sha512-Zz+aZWSj8LE6zoxD+xrjh4VfkIG8Ya6LvYkZqtUQGJPZjYl53ypCaUwWqo7eI0x66KBGeRo+mlBEkMSeSZ38Nw=="],

    "xdg-basedir": ["xdg-basedir@5.1.0", "", {}, "sha512-GCPAHLvrIH13+c0SuacwvRYj2SxJXQ4kaVTT5xgL3kPrz56XxkF21IGhjSE1+W0aw7gpBWRGXLCPnPby6lSpmQ=="],
  }
}
